
Microsoft Visual Studio Solution File, Format Version 12.00
# Visual Studio Version 17
VisualStudioVersion = 17.3.32922.545
MinimumVisualStudioVersion = 10.0.40219.1
Project("{FAE04EC0-301F-11D3-BF4B-00C04F79EFBC}") = "Skills International", "Skills International\Skills International.csproj", "{60C143CA-FC62-4DAC-88E5-036DDC0CF884}"
EndProject
Global
	GlobalSection(SolutionConfigurationPlatforms) = preSolution
		Debug|Any CPU = Debug|Any CPU
		Release|Any CPU = Release|Any CPU
	EndGlobalSection
	GlobalSection(ProjectConfigurationPlatforms) = postSolution
		{60C143CA-FC62-4DAC-88E5-036DDC0CF884}.Debug|Any CPU.ActiveCfg = Debug|Any CPU
		{60C143CA-FC62-4DAC-88E5-036DDC0CF884}.Debug|Any CPU.Build.0 = Debug|Any CPU
		{60C143CA-FC62-4DAC-88E5-036DDC0CF884}.Release|Any CPU.ActiveCfg = Release|Any CPU
		{60C143CA-FC62-4DAC-88E5-036DDC0CF884}.Release|Any CPU.Build.0 = Release|Any CPU
	EndGlobalSection
	GlobalSection(SolutionProperties) = preSolution
		HideSolutionNode = FALSE
	EndGlobalSection
	GlobalSection(ExtensibilityGlobals) = postSolution
		SolutionGuid = {770F5CC6-5381-47DC-9D13-2FC501871A46}
	EndGlobalSection
EndGlobal
